// !$*UTF8*$!
{
	archiveVersion = 1;
	classes = {
	};
	objectVersion = 50;
	objects = {

/* Begin PBXBuildFile section */
		FB2210DC25A66ECE0043CA72 /* CollectionView1Controller.swift in Sources */ = {isa = PBXBuildFile; fileRef = FB2210DB25A66ECE0043CA72 /* CollectionView1Controller.swift */; };
		FB2210E125A66F730043CA72 /* CollectionView2Controller.swift in Sources */ = {isa = PBXBuildFile; fileRef = FB2210E025A66F730043CA72 /* CollectionView2Controller.swift */; };
		FB372F5625A021C1009B95DA /* AppDelegate.swift in Sources */ = {isa = PBXBuildFile; fileRef = FB372F5525A021C1009B95DA /* AppDelegate.swift */; };
		FB372F5825A021C1009B95DA /* SceneDelegate.swift in Sources */ = {isa = PBXBuildFile; fileRef = FB372F5725A021C1009B95DA /* SceneDelegate.swift */; };
		FB372F5A25A021C1009B95DA /* ViewController.swift in Sources */ = {isa = PBXBuildFile; fileRef = FB372F5925A021C1009B95DA /* ViewController.swift */; };
		FB372F5D25A021C1009B95DA /* Main.storyboard in Resources */ = {isa = PBXBuildFile; fileRef = FB372F5B25A021C1009B95DA /* Main.storyboard */; };
		FB372F5F25A021C2009B95DA /* Assets.xcassets in Resources */ = {isa = PBXBuildFile; fileRef = FB372F5E25A021C2009B95DA /* Assets.xcassets */; };
		FB372F6225A021C2009B95DA /* LaunchScreen.storyboard in Resources */ = {isa = PBXBuildFile; fileRef = FB372F6025A021C2009B95DA /* LaunchScreen.storyboard */; };
		FB372F6D25A021C2009B95DA /* _MVC_Swift5_iOS_TableViewTests.swift in Sources */ = {isa = PBXBuildFile; fileRef = FB372F6C25A021C2009B95DA /* _MVC_Swift5_iOS_TableViewTests.swift */; };
		FB372F7825A021C2009B95DA /* _MVC_Swift5_iOS_TableViewUITests.swift in Sources */ = {isa = PBXBuildFile; fileRef = FB372F7725A021C2009B95DA /* _MVC_Swift5_iOS_TableViewUITests.swift */; };
		FB372F8A25A021E3009B95DA /* QuartzCore.framework in Frameworks */ = {isa = PBXBuildFile; fileRef = FB372F8925A021E3009B95DA /* QuartzCore.framework */; };
		FB372F8C25A021F4009B95DA /* Foundation.framework in Frameworks */ = {isa = PBXBuildFile; fileRef = FB372F8B25A021F4009B95DA /* Foundation.framework */; };
		FB372F8E25A021FE009B95DA /* UIKit.framework in Frameworks */ = {isa = PBXBuildFile; fileRef = FB372F8D25A021FE009B95DA /* UIKit.framework */; };
		FB372F9325A02717009B95DA /* Controller in Resources */ = {isa = PBXBuildFile; fileRef = FB372F9225A02717009B95DA /* Controller */; };
		FB372F9825A02752009B95DA /* View in Resources */ = {isa = PBXBuildFile; fileRef = FB372F9725A02752009B95DA /* View */; };
		FB372FAA25A0286F009B95DA /* TableViewCell.swift in Sources */ = {isa = PBXBuildFile; fileRef = FB372FA925A0286F009B95DA /* TableViewCell.swift */; };
		FB372FBA25A02A89009B95DA /* TableView1Controller.swift in Sources */ = {isa = PBXBuildFile; fileRef = FB372FB925A02A89009B95DA /* TableView1Controller.swift */; };
		FB372FC225A04106009B95DA /* ViewControllerNumber1.swift in Sources */ = {isa = PBXBuildFile; fileRef = FB372FC125A04106009B95DA /* ViewControllerNumber1.swift */; };
		FB372FC725A0412A009B95DA /* ViewControllerNumber2.swift in Sources */ = {isa = PBXBuildFile; fileRef = FB372FC625A0412A009B95DA /* ViewControllerNumber2.swift */; };
		FB372FD425A04646009B95DA /* ButtonExtender.swift in Sources */ = {isa = PBXBuildFile; fileRef = FB372FD325A04646009B95DA /* ButtonExtender.swift */; };
		FB372FD925A05891009B95DA /* TableView2Controller.swift in Sources */ = {isa = PBXBuildFile; fileRef = FB372FD825A05891009B95DA /* TableView2Controller.swift */; };
		FB372FE625A062BE009B95DA /* ViewControllerNumber3.swift in Sources */ = {isa = PBXBuildFile; fileRef = FB372FE525A062BE009B95DA /* ViewControllerNumber3.swift */; };
		FB8D9D6025AA5398003B2CBF /* CollectionView1Cell.swift in Sources */ = {isa = PBXBuildFile; fileRef = FB8D9D5F25AA5398003B2CBF /* CollectionView1Cell.swift */; };
		FBD3C5F825AC050200867143 /* TableView3Controller.swift in Sources */ = {isa = PBXBuildFile; fileRef = FBD3C5F725AC050200867143 /* TableView3Controller.swift */; };
		FBD3C5FE25AC06B700867143 /* TableView3Cell.swift in Sources */ = {isa = PBXBuildFile; fileRef = FBD3C5FC25AC06B700867143 /* TableView3Cell.swift */; };
		FBD3C5FF25AC06B700867143 /* TableView3Cell.xib in Resources */ = {isa = PBXBuildFile; fileRef = FBD3C5FD25AC06B700867143 /* TableView3Cell.xib */; };
		FBFFBB8825AC3D1C00B884BF /* ViewControllerNumber4.swift in Sources */ = {isa = PBXBuildFile; fileRef = FBFFBB8725AC3D1C00B884BF /* ViewControllerNumber4.swift */; };
		FBFFBB8D25AC3DE400B884BF /* MapKit.framework in Frameworks */ = {isa = PBXBuildFile; fileRef = FBFFBB8C25AC3DE400B884BF /* MapKit.framework */; };
/* End PBXBuildFile section */

/* Begin PBXContainerItemProxy section */
		FB372F6925A021C2009B95DA /* PBXContainerItemProxy */ = {
			isa = PBXContainerItemProxy;
			containerPortal = FB372F4A25A021C1009B95DA /* Project object */;
			proxyType = 1;
			remoteGlobalIDString = FB372F5125A021C1009B95DA;
			remoteInfo = "0MVC-Swift5-iOS-TableView";
		};
		FB372F7425A021C2009B95DA /* PBXContainerItemProxy */ = {
			isa = PBXContainerItemProxy;
			containerPortal = FB372F4A25A021C1009B95DA /* Project object */;
			proxyType = 1;
			remoteGlobalIDString = FB372F5125A021C1009B95DA;
			remoteInfo = "0MVC-Swift5-iOS-TableView";
		};
/* End PBXContainerItemProxy section */

/* Begin PBXFileReference section */
		FB2210DB25A66ECE0043CA72 /* CollectionView1Controller.swift */ = {isa = PBXFileReference; lastKnownFileType = sourcecode.swift; name = CollectionView1Controller.swift; path = Controller/CollectionView1Controller.swift; sourceTree = "<group>"; };
		FB2210E025A66F730043CA72 /* CollectionView2Controller.swift */ = {isa = PBXFileReference; lastKnownFileType = sourcecode.swift; name = CollectionView2Controller.swift; path = Controller/CollectionView2Controller.swift; sourceTree = "<group>"; };
		FB372F5225A021C1009B95DA /* 0MVC-Swift5-iOS-TableView.app */ = {isa = PBXFileReference; explicitFileType = wrapper.application; includeInIndex = 0; path = "0MVC-Swift5-iOS-TableView.app"; sourceTree = BUILT_PRODUCTS_DIR; };
		FB372F5525A021C1009B95DA /* AppDelegate.swift */ = {isa = PBXFileReference; lastKnownFileType = sourcecode.swift; path = AppDelegate.swift; sourceTree = "<group>"; };
		FB372F5725A021C1009B95DA /* SceneDelegate.swift */ = {isa = PBXFileReference; lastKnownFileType = sourcecode.swift; path = SceneDelegate.swift; sourceTree = "<group>"; };
		FB372F5925A021C1009B95DA /* ViewController.swift */ = {isa = PBXFileReference; lastKnownFileType = sourcecode.swift; path = ViewController.swift; sourceTree = "<group>"; };
		FB372F5C25A021C1009B95DA /* Base */ = {isa = PBXFileReference; lastKnownFileType = file.storyboard; name = Base; path = Base.lproj/Main.storyboard; sourceTree = "<group>"; };
		FB372F5E25A021C2009B95DA /* Assets.xcassets */ = {isa = PBXFileReference; lastKnownFileType = folder.assetcatalog; path = Assets.xcassets; sourceTree = "<group>"; };
		FB372F6125A021C2009B95DA /* Base */ = {isa = PBXFileReference; lastKnownFileType = file.storyboard; name = Base; path = Base.lproj/LaunchScreen.storyboard; sourceTree = "<group>"; };
		FB372F6325A021C2009B95DA /* Info.plist */ = {isa = PBXFileReference; lastKnownFileType = text.plist.xml; path = Info.plist; sourceTree = "<group>"; };
		FB372F6825A021C2009B95DA /* 0MVC-Swift5-iOS-TableViewTests.xctest */ = {isa = PBXFileReference; explicitFileType = wrapper.cfbundle; includeInIndex = 0; path = "0MVC-Swift5-iOS-TableViewTests.xctest"; sourceTree = BUILT_PRODUCTS_DIR; };
		FB372F6C25A021C2009B95DA /* _MVC_Swift5_iOS_TableViewTests.swift */ = {isa = PBXFileReference; lastKnownFileType = sourcecode.swift; path = _MVC_Swift5_iOS_TableViewTests.swift; sourceTree = "<group>"; };
		FB372F6E25A021C2009B95DA /* Info.plist */ = {isa = PBXFileReference; lastKnownFileType = text.plist.xml; path = Info.plist; sourceTree = "<group>"; };
		FB372F7325A021C2009B95DA /* 0MVC-Swift5-iOS-TableViewUITests.xctest */ = {isa = PBXFileReference; explicitFileType = wrapper.cfbundle; includeInIndex = 0; path = "0MVC-Swift5-iOS-TableViewUITests.xctest"; sourceTree = BUILT_PRODUCTS_DIR; };
		FB372F7725A021C2009B95DA /* _MVC_Swift5_iOS_TableViewUITests.swift */ = {isa = PBXFileReference; lastKnownFileType = sourcecode.swift; path = _MVC_Swift5_iOS_TableViewUITests.swift; sourceTree = "<group>"; };
		FB372F7925A021C2009B95DA /* Info.plist */ = {isa = PBXFileReference; lastKnownFileType = text.plist.xml; path = Info.plist; sourceTree = "<group>"; };
		FB372F8925A021E3009B95DA /* QuartzCore.framework */ = {isa = PBXFileReference; lastKnownFileType = wrapper.framework; name = QuartzCore.framework; path = System/Library/Frameworks/QuartzCore.framework; sourceTree = SDKROOT; };
		FB372F8B25A021F4009B95DA /* Foundation.framework */ = {isa = PBXFileReference; lastKnownFileType = wrapper.framework; name = Foundation.framework; path = System/Library/Frameworks/Foundation.framework; sourceTree = SDKROOT; };
		FB372F8D25A021FE009B95DA /* UIKit.framework */ = {isa = PBXFileReference; lastKnownFileType = wrapper.framework; name = UIKit.framework; path = System/Library/Frameworks/UIKit.framework; sourceTree = SDKROOT; };
		FB372F9225A02717009B95DA /* Controller */ = {isa = PBXFileReference; lastKnownFileType = folder; path = Controller; sourceTree = "<group>"; };
		FB372F9725A02752009B95DA /* View */ = {isa = PBXFileReference; lastKnownFileType = folder; path = View; sourceTree = "<group>"; };
		FB372FA925A0286F009B95DA /* TableViewCell.swift */ = {isa = PBXFileReference; lastKnownFileType = sourcecode.swift; name = TableViewCell.swift; path = View/TableViewCell.swift; sourceTree = "<group>"; };
		FB372FB925A02A89009B95DA /* TableView1Controller.swift */ = {isa = PBXFileReference; lastKnownFileType = sourcecode.swift; name = TableView1Controller.swift; path = Controller/TableView1Controller.swift; sourceTree = "<group>"; };
		FB372FC125A04106009B95DA /* ViewControllerNumber1.swift */ = {isa = PBXFileReference; lastKnownFileType = sourcecode.swift; name = ViewControllerNumber1.swift; path = Controller/ViewControllerNumber1.swift; sourceTree = "<group>"; };
		FB372FC625A0412A009B95DA /* ViewControllerNumber2.swift */ = {isa = PBXFileReference; lastKnownFileType = sourcecode.swift; name = ViewControllerNumber2.swift; path = Controller/ViewControllerNumber2.swift; sourceTree = "<group>"; };
		FB372FD325A04646009B95DA /* ButtonExtender.swift */ = {isa = PBXFileReference; lastKnownFileType = sourcecode.swift; name = ButtonExtender.swift; path = View/ButtonExtender.swift; sourceTree = "<group>"; };
		FB372FD825A05891009B95DA /* TableView2Controller.swift */ = {isa = PBXFileReference; lastKnownFileType = sourcecode.swift; name = TableView2Controller.swift; path = Controller/TableView2Controller.swift; sourceTree = "<group>"; };
		FB372FE525A062BE009B95DA /* ViewControllerNumber3.swift */ = {isa = PBXFileReference; lastKnownFileType = sourcecode.swift; name = ViewControllerNumber3.swift; path = Controller/ViewControllerNumber3.swift; sourceTree = "<group>"; };
		FB8D9D5F25AA5398003B2CBF /* CollectionView1Cell.swift */ = {isa = PBXFileReference; lastKnownFileType = sourcecode.swift; name = CollectionView1Cell.swift; path = View/CollectionView1Cell.swift; sourceTree = "<group>"; };
		FBD3C5F725AC050200867143 /* TableView3Controller.swift */ = {isa = PBXFileReference; lastKnownFileType = sourcecode.swift; name = TableView3Controller.swift; path = Controller/TableView3Controller.swift; sourceTree = "<group>"; };
		FBD3C5FC25AC06B700867143 /* TableView3Cell.swift */ = {isa = PBXFileReference; lastKnownFileType = sourcecode.swift; name = TableView3Cell.swift; path = View/TableView3Cell.swift; sourceTree = "<group>"; };
		FBD3C5FD25AC06B700867143 /* TableView3Cell.xib */ = {isa = PBXFileReference; lastKnownFileType = file.xib; name = TableView3Cell.xib; path = View/TableView3Cell.xib; sourceTree = "<group>"; };
		FBFFBB8725AC3D1C00B884BF /* ViewControllerNumber4.swift */ = {isa = PBXFileReference; lastKnownFileType = sourcecode.swift; name = ViewControllerNumber4.swift; path = Controller/ViewControllerNumber4.swift; sourceTree = "<group>"; };
		FBFFBB8C25AC3DE400B884BF /* MapKit.framework */ = {isa = PBXFileReference; lastKnownFileType = wrapper.framework; name = MapKit.framework; path = System/Library/Frameworks/MapKit.framework; sourceTree = SDKROOT; };
/* End PBXFileReference section */

/* Begin PBXFrameworksBuildPhase section */
		FB372F4F25A021C1009B95DA /* Frameworks */ = {
			isa = PBXFrameworksBuildPhase;
			buildActionMask = 2147483647;
			files = (
				FB372F8A25A021E3009B95DA /* QuartzCore.framework in Frameworks */,
				FB372F8E25A021FE009B95DA /* UIKit.framework in Frameworks */,
				FBFFBB8D25AC3DE400B884BF /* MapKit.framework in Frameworks */,
				FB372F8C25A021F4009B95DA /* Foundation.framework in Frameworks */,
			);
			runOnlyForDeploymentPostprocessing = 0;
		};
		FB372F6525A021C2009B95DA /* Frameworks */ = {
			isa = PBXFrameworksBuildPhase;
			buildActionMask = 2147483647;
			files = (
			);
			runOnlyForDeploymentPostprocessing = 0;
		};
		FB372F7025A021C2009B95DA /* Frameworks */ = {
			isa = PBXFrameworksBuildPhase;
			buildActionMask = 2147483647;
			files = (
			);
			runOnlyForDeploymentPostprocessing = 0;
		};
/* End PBXFrameworksBuildPhase section */

/* Begin PBXGroup section */
		FB372F4925A021C1009B95DA = {
			isa = PBXGroup;
			children = (
				FB372F5425A021C1009B95DA /* 0MVC-Swift5-iOS-TableView */,
				FB372F6B25A021C2009B95DA /* 0MVC-Swift5-iOS-TableViewTests */,
				FB372F7625A021C2009B95DA /* 0MVC-Swift5-iOS-TableViewUITests */,
				FB372F5325A021C1009B95DA /* Products */,
				FB372F8825A021E3009B95DA /* Frameworks */,
			);
			sourceTree = "<group>";
		};
		FB372F5325A021C1009B95DA /* Products */ = {
			isa = PBXGroup;
			children = (
				FB372F5225A021C1009B95DA /* 0MVC-Swift5-iOS-TableView.app */,
				FB372F6825A021C2009B95DA /* 0MVC-Swift5-iOS-TableViewTests.xctest */,
				FB372F7325A021C2009B95DA /* 0MVC-Swift5-iOS-TableViewUITests.xctest */,
			);
			name = Products;
			sourceTree = "<group>";
		};
		FB372F5425A021C1009B95DA /* 0MVC-Swift5-iOS-TableView */ = {
			isa = PBXGroup;
			children = (
				FB372F9725A02752009B95DA /* View */,
				FB372F9225A02717009B95DA /* Controller */,
				FB372F5525A021C1009B95DA /* AppDelegate.swift */,
				FB372F5725A021C1009B95DA /* SceneDelegate.swift */,
				FB372F5925A021C1009B95DA /* ViewController.swift */,
				FB372F5B25A021C1009B95DA /* Main.storyboard */,
				FB372F5E25A021C2009B95DA /* Assets.xcassets */,
				FB372F6025A021C2009B95DA /* LaunchScreen.storyboard */,
				FB372F6325A021C2009B95DA /* Info.plist */,
				FB372FA925A0286F009B95DA /* TableViewCell.swift */,
				FB372FB925A02A89009B95DA /* TableView1Controller.swift */,
				FB372FC125A04106009B95DA /* ViewControllerNumber1.swift */,
				FB372FC625A0412A009B95DA /* ViewControllerNumber2.swift */,
				FB372FD325A04646009B95DA /* ButtonExtender.swift */,
				FB372FD825A05891009B95DA /* TableView2Controller.swift */,
				FB372FE525A062BE009B95DA /* ViewControllerNumber3.swift */,
				FB2210DB25A66ECE0043CA72 /* CollectionView1Controller.swift */,
				FB2210E025A66F730043CA72 /* CollectionView2Controller.swift */,
				FB8D9D5F25AA5398003B2CBF /* CollectionView1Cell.swift */,
				FBD3C5F725AC050200867143 /* TableView3Controller.swift */,
				FBD3C5FC25AC06B700867143 /* TableView3Cell.swift */,
				FBD3C5FD25AC06B700867143 /* TableView3Cell.xib */,
				FBFFBB8725AC3D1C00B884BF /* ViewControllerNumber4.swift */,
			);
			path = "0MVC-Swift5-iOS-TableView";
			sourceTree = "<group>";
		};
		FB372F6B25A021C2009B95DA /* 0MVC-Swift5-iOS-TableViewTests */ = {
			isa = PBXGroup;
			children = (
				FB372F6C25A021C2009B95DA /* _MVC_Swift5_iOS_TableViewTests.swift */,
				FB372F6E25A021C2009B95DA /* Info.plist */,
			);
			path = "0MVC-Swift5-iOS-TableViewTests";
			sourceTree = "<group>";
		};
		FB372F7625A021C2009B95DA /* 0MVC-Swift5-iOS-TableViewUITests */ = {
			isa = PBXGroup;
			children = (
				FB372F7725A021C2009B95DA /* _MVC_Swift5_iOS_TableViewUITests.swift */,
				FB372F7925A021C2009B95DA /* Info.plist */,
			);
			path = "0MVC-Swift5-iOS-TableViewUITests";
			sourceTree = "<group>";
		};
		FB372F8825A021E3009B95DA /* Frameworks */ = {
			isa = PBXGroup;
			children = (
				FBFFBB8C25AC3DE400B884BF /* MapKit.framework */,
				FB372F8D25A021FE009B95DA /* UIKit.framework */,
				FB372F8B25A021F4009B95DA /* Foundation.framework */,
				FB372F8925A021E3009B95DA /* QuartzCore.framework */,
			);
			name = Frameworks;
			sourceTree = "<group>";
		};
/* End PBXGroup section */

/* Begin PBXNativeTarget section */
		FB372F5125A021C1009B95DA /* 0MVC-Swift5-iOS-TableView */ = {
			isa = PBXNativeTarget;
			buildConfigurationList = FB372F7C25A021C2009B95DA /* Build configuration list for PBXNativeTarget "0MVC-Swift5-iOS-TableView" */;
			buildPhases = (
				FB372F4E25A021C1009B95DA /* Sources */,
				FB372F4F25A021C1009B95DA /* Frameworks */,
				FB372F5025A021C1009B95DA /* Resources */,
			);
			buildRules = (
			);
			dependencies = (
			);
			name = "0MVC-Swift5-iOS-TableView";
			productName = "0MVC-Swift5-iOS-TableView";
			productReference = FB372F5225A021C1009B95DA /* 0MVC-Swift5-iOS-TableView.app */;
			productType = "com.apple.product-type.application";
		};
		FB372F6725A021C2009B95DA /* 0MVC-Swift5-iOS-TableViewTests */ = {
			isa = PBXNativeTarget;
			buildConfigurationList = FB372F7F25A021C2009B95DA /* Build configuration list for PBXNativeTarget "0MVC-Swift5-iOS-TableViewTests" */;
			buildPhases = (
				FB372F6425A021C2009B95DA /* Sources */,
				FB372F6525A021C2009B95DA /* Frameworks */,
				FB372F6625A021C2009B95DA /* Resources */,
			);
			buildRules = (
			);
			dependencies = (
				FB372F6A25A021C2009B95DA /* PBXTargetDependency */,
			);
			name = "0MVC-Swift5-iOS-TableViewTests";
			productName = "0MVC-Swift5-iOS-TableViewTests";
			productReference = FB372F6825A021C2009B95DA /* 0MVC-Swift5-iOS-TableViewTests.xctest */;
			productType = "com.apple.product-type.bundle.unit-test";
		};
		FB372F7225A021C2009B95DA /* 0MVC-Swift5-iOS-TableViewUITests */ = {
			isa = PBXNativeTarget;
			buildConfigurationList = FB372F8225A021C2009B95DA /* Build configuration list for PBXNativeTarget "0MVC-Swift5-iOS-TableViewUITests" */;
			buildPhases = (
				FB372F6F25A021C2009B95DA /* Sources */,
				FB372F7025A021C2009B95DA /* Frameworks */,
				FB372F7125A021C2009B95DA /* Resources */,
			);
			buildRules = (
			);
			dependencies = (
				FB372F7525A021C2009B95DA /* PBXTargetDependency */,
			);
			name = "0MVC-Swift5-iOS-TableViewUITests";
			productName = "0MVC-Swift5-iOS-TableViewUITests";
			productReference = FB372F7325A021C2009B95DA /* 0MVC-Swift5-iOS-TableViewUITests.xctest */;
			productType = "com.apple.product-type.bundle.ui-testing";
		};
/* End PBXNativeTarget section */

/* Begin PBXProject section */
		FB372F4A25A021C1009B95DA /* Project object */ = {
			isa = PBXProject;
			attributes = {
				LastSwiftUpdateCheck = 1230;
				LastUpgradeCheck = 1230;
				TargetAttributes = {
					FB372F5125A021C1009B95DA = {
						CreatedOnToolsVersion = 12.3;
					};
					FB372F6725A021C2009B95DA = {
						CreatedOnToolsVersion = 12.3;
						TestTargetID = FB372F5125A021C1009B95DA;
					};
					FB372F7225A021C2009B95DA = {
						CreatedOnToolsVersion = 12.3;
						TestTargetID = FB372F5125A021C1009B95DA;
					};
				};
			};
			buildConfigurationList = FB372F4D25A021C1009B95DA /* Build configuration list for PBXProject "0MVC-Swift5-iOS-TableView" */;
			compatibilityVersion = "Xcode 9.3";
			developmentRegion = en;
			hasScannedForEncodings = 0;
			knownRegions = (
				en,
				Base,
			);
			mainGroup = FB372F4925A021C1009B95DA;
			productRefGroup = FB372F5325A021C1009B95DA /* Products */;
			projectDirPath = "";
			projectRoot = "";
			targets = (
				FB372F5125A021C1009B95DA /* 0MVC-Swift5-iOS-TableView */,
				FB372F6725A021C2009B95DA /* 0MVC-Swift5-iOS-TableViewTests */,
				FB372F7225A021C2009B95DA /* 0MVC-Swift5-iOS-TableViewUITests */,
			);
		};
/* End PBXProject section */

/* Begin PBXResourcesBuildPhase section */
		FB372F5025A021C1009B95DA /* Resources */ = {
			isa = PBXResourcesBuildPhase;
			buildActionMask = 2147483647;
			files = (
				FB372F6225A021C2009B95DA /* LaunchScreen.storyboard in Resources */,
				FB372F5F25A021C2009B95DA /* Assets.xcassets in Resources */,
				FB372F9325A02717009B95DA /* Controller in Resources */,
				FBD3C5FF25AC06B700867143 /* TableView3Cell.xib in Resources */,
				FB372F9825A02752009B95DA /* View in Resources */,
				FB372F5D25A021C1009B95DA /* Main.storyboard in Resources */,
			);
			runOnlyForDeploymentPostprocessing = 0;
		};
		FB372F6625A021C2009B95DA /* Resources */ = {
			isa = PBXResourcesBuildPhase;
			buildActionMask = 2147483647;
			files = (
			);
			runOnlyForDeploymentPostprocessing = 0;
		};
		FB372F7125A021C2009B95DA /* Resources */ = {
			isa = PBXResourcesBuildPhase;
			buildActionMask = 2147483647;
			files = (
			);
			runOnlyForDeploymentPostprocessing = 0;
		};
/* End PBXResourcesBuildPhase section */

/* Begin PBXSourcesBuildPhase section */
		FB372F4E25A021C1009B95DA /* Sources */ = {
			isa = PBXSourcesBuildPhase;
			buildActionMask = 2147483647;
			files = (
				FB372FAA25A0286F009B95DA /* TableViewCell.swift in Sources */,
				FBD3C5F825AC050200867143 /* TableView3Controller.swift in Sources */,
				FBFFBB8825AC3D1C00B884BF /* ViewControllerNumber4.swift in Sources */,
				FB372FE625A062BE009B95DA /* ViewControllerNumber3.swift in Sources */,
				FB372F5A25A021C1009B95DA /* ViewController.swift in Sources */,
				FB372FD425A04646009B95DA /* ButtonExtender.swift in Sources */,
				FB8D9D6025AA5398003B2CBF /* CollectionView1Cell.swift in Sources */,
				FB372FD925A05891009B95DA /* TableView2Controller.swift in Sources */,
				FB372F5625A021C1009B95DA /* AppDelegate.swift in Sources */,
				FB372FBA25A02A89009B95DA /* TableView1Controller.swift in Sources */,
				FB372FC725A0412A009B95DA /* ViewControllerNumber2.swift in Sources */,
				FB372F5825A021C1009B95DA /* SceneDelegate.swift in Sources */,
				FBD3C5FE25AC06B700867143 /* TableView3Cell.swift in Sources */,
				FB372FC225A04106009B95DA /* ViewControllerNumber1.swift in Sources */,
				FB2210DC25A66ECE0043CA72 /* CollectionView1Controller.swift in Sources */,
				FB2210E125A66F730043CA72 /* CollectionView2Controller.swift in Sources */,
			);
			runOnlyForDeploymentPostprocessing = 0;
		};
		FB372F6425A021C2009B95DA /* Sources */ = {
			isa = PBXSourcesBuildPhase;
			buildActionMask = 2147483647;
			files = (
				FB372F6D25A021C2009B95DA /* _MVC_Swift5_iOS_TableViewTests.swift in Sources */,
			);
			runOnlyForDeploymentPostprocessing = 0;
		};
		FB372F6F25A021C2009B95DA /* Sources */ = {
			isa = PBXSourcesBuildPhase;
			buildActionMask = 2147483647;
			files = (
				FB372F7825A021C2009B95DA /* _MVC_Swift5_iOS_TableViewUITests.swift in Sources */,
			);
			runOnlyForDeploymentPostprocessing = 0;
		};
/* End PBXSourcesBuildPhase section */

/* Begin PBXTargetDependency section */
		FB372F6A25A021C2009B95DA /* PBXTargetDependency */ = {
			isa = PBXTargetDependency;
			target = FB372F5125A021C1009B95DA /* 0MVC-Swift5-iOS-TableView */;
			targetProxy = FB372F6925A021C2009B95DA /* PBXContainerItemProxy */;
		};
		FB372F7525A021C2009B95DA /* PBXTargetDependency */ = {
			isa = PBXTargetDependency;
			target = FB372F5125A021C1009B95DA /* 0MVC-Swift5-iOS-TableView */;
			targetProxy = FB372F7425A021C2009B95DA /* PBXContainerItemProxy */;
		};
/* End PBXTargetDependency section */

/* Begin PBXVariantGroup section */
		FB372F5B25A021C1009B95DA /* Main.storyboard */ = {
			isa = PBXVariantGroup;
			children = (
				FB372F5C25A021C1009B95DA /* Base */,
			);
			name = Main.storyboard;
			sourceTree = "<group>";
		};
		FB372F6025A021C2009B95DA /* LaunchScreen.storyboard */ = {
			isa = PBXVariantGroup;
			children = (
				FB372F6125A021C2009B95DA /* Base */,
			);
			name = LaunchScreen.storyboard;
			sourceTree = "<group>";
		};
/* End PBXVariantGroup section */

/* Begin XCBuildConfiguration section */
		FB372F7A25A021C2009B95DA /* Debug */ = {
			isa = XCBuildConfiguration;
			buildSettings = {
				ALWAYS_SEARCH_USER_PATHS = NO;
				CLANG_ANALYZER_NONNULL = YES;
				CLANG_ANALYZER_NUMBER_OBJECT_CONVERSION = YES_AGGRESSIVE;
				CLANG_CXX_LANGUAGE_STANDARD = "gnu++14";
				CLANG_CXX_LIBRARY = "libc++";
				CLANG_ENABLE_MODULES = YES;
				CLANG_ENABLE_OBJC_ARC = YES;
				CLANG_ENABLE_OBJC_WEAK = YES;
				CLANG_WARN_BLOCK_CAPTURE_AUTORELEASING = YES;
				CLANG_WARN_BOOL_CONVERSION = YES;
				CLANG_WARN_COMMA = YES;
				CLANG_WARN_CONSTANT_CONVERSION = YES;
				CLANG_WARN_DEPRECATED_OBJC_IMPLEMENTATIONS = YES;
				CLANG_WARN_DIRECT_OBJC_ISA_USAGE = YES_ERROR;
				CLANG_WARN_DOCUMENTATION_COMMENTS = YES;
				CLANG_WARN_EMPTY_BODY = YES;
				CLANG_WARN_ENUM_CONVERSION = YES;
				CLANG_WARN_INFINITE_RECURSION = YES;
				CLANG_WARN_INT_CONVERSION = YES;
				CLANG_WARN_NON_LITERAL_NULL_CONVERSION = YES;
				CLANG_WARN_OBJC_IMPLICIT_RETAIN_SELF = YES;
				CLANG_WARN_OBJC_LITERAL_CONVERSION = YES;
				CLANG_WARN_OBJC_ROOT_CLASS = YES_ERROR;
				CLANG_WARN_QUOTED_INCLUDE_IN_FRAMEWORK_HEADER = YES;
				CLANG_WARN_RANGE_LOOP_ANALYSIS = YES;
				CLANG_WARN_STRICT_PROTOTYPES = YES;
				CLANG_WARN_SUSPICIOUS_MOVE = YES;
				CLANG_WARN_UNGUARDED_AVAILABILITY = YES_AGGRESSIVE;
				CLANG_WARN_UNREACHABLE_CODE = YES;
				CLANG_WARN__DUPLICATE_METHOD_MATCH = YES;
				COPY_PHASE_STRIP = NO;
				DEBUG_INFORMATION_FORMAT = dwarf;
				ENABLE_STRICT_OBJC_MSGSEND = YES;
				ENABLE_TESTABILITY = YES;
				GCC_C_LANGUAGE_STANDARD = gnu11;
				GCC_DYNAMIC_NO_PIC = NO;
				GCC_NO_COMMON_BLOCKS = YES;
				GCC_OPTIMIZATION_LEVEL = 0;
				GCC_PREPROCESSOR_DEFINITIONS = (
					"DEBUG=1",
					"$(inherited)",
				);
				GCC_WARN_64_TO_32_BIT_CONVERSION = YES;
				GCC_WARN_ABOUT_RETURN_TYPE = YES_ERROR;
				GCC_WARN_UNDECLARED_SELECTOR = YES;
				GCC_WARN_UNINITIALIZED_AUTOS = YES_AGGRESSIVE;
				GCC_WARN_UNUSED_FUNCTION = YES;
				GCC_WARN_UNUSED_VARIABLE = YES;
				IPHONEOS_DEPLOYMENT_TARGET = 14.3;
				MTL_ENABLE_DEBUG_INFO = INCLUDE_SOURCE;
				MTL_FAST_MATH = YES;
				ONLY_ACTIVE_ARCH = YES;
				SDKROOT = iphoneos;
				SWIFT_ACTIVE_COMPILATION_CONDITIONS = DEBUG;
				SWIFT_OPTIMIZATION_LEVEL = "-Onone";
			};
			name = Debug;
		};
		FB372F7B25A021C2009B95DA /* Release */ = {
			isa = XCBuildConfiguration;
			buildSettings = {
				ALWAYS_SEARCH_USER_PATHS = NO;
				CLANG_ANALYZER_NONNULL = YES;
				CLANG_ANALYZER_NUMBER_OBJECT_CONVERSION = YES_AGGRESSIVE;
				CLANG_CXX_LANGUAGE_STANDARD = "gnu++14";
				CLANG_CXX_LIBRARY = "libc++";
				CLANG_ENABLE_MODULES = YES;
				CLANG_ENABLE_OBJC_ARC = YES;
				CLANG_ENABLE_OBJC_WEAK = YES;
				CLANG_WARN_BLOCK_CAPTURE_AUTORELEASING = YES;
				CLANG_WARN_BOOL_CONVERSION = YES;
				CLANG_WARN_COMMA = YES;
				CLANG_WARN_CONSTANT_CONVERSION = YES;
				CLANG_WARN_DEPRECATED_OBJC_IMPLEMENTATIONS = YES;
				CLANG_WARN_DIRECT_OBJC_ISA_USAGE = YES_ERROR;
				CLANG_WARN_DOCUMENTATION_COMMENTS = YES;
				CLANG_WARN_EMPTY_BODY = YES;
				CLANG_WARN_ENUM_CONVERSION = YES;
				CLANG_WARN_INFINITE_RECURSION = YES;
				CLANG_WARN_INT_CONVERSION = YES;
				CLANG_WARN_NON_LITERAL_NULL_CONVERSION = YES;
				CLANG_WARN_OBJC_IMPLICIT_RETAIN_SELF = YES;
				CLANG_WARN_OBJC_LITERAL_CONVERSION = YES;
				CLANG_WARN_OBJC_ROOT_CLASS = YES_ERROR;
				CLANG_WARN_QUOTED_INCLUDE_IN_FRAMEWORK_HEADER = YES;
				CLANG_WARN_RANGE_LOOP_ANALYSIS = YES;
				CLANG_WARN_STRICT_PROTOTYPES = YES;
				CLANG_WARN_SUSPICIOUS_MOVE = YES;
				CLANG_WARN_UNGUARDED_AVAILABILITY = YES_AGGRESSIVE;
				CLANG_WARN_UNREACHABLE_CODE = YES;
				CLANG_WARN__DUPLICATE_METHOD_MATCH = YES;
				COPY_PHASE_STRIP = NO;
				DEBUG_INFORMATION_FORMAT = "dwarf-with-dsym";
				ENABLE_NS_ASSERTIONS = NO;
				ENABLE_STRICT_OBJC_MSGSEND = YES;
				GCC_C_LANGUAGE_STANDARD = gnu11;
				GCC_NO_COMMON_BLOCKS = YES;
				GCC_WARN_64_TO_32_BIT_CONVERSION = YES;
				GCC_WARN_ABOUT_RETURN_TYPE = YES_ERROR;
				GCC_WARN_UNDECLARED_SELECTOR = YES;
				GCC_WARN_UNINITIALIZED_AUTOS = YES_AGGRESSIVE;
				GCC_WARN_UNUSED_FUNCTION = YES;
				GCC_WARN_UNUSED_VARIABLE = YES;
				IPHONEOS_DEPLOYMENT_TARGET = 14.3;
				MTL_ENABLE_DEBUG_INFO = NO;
				MTL_FAST_MATH = YES;
				SDKROOT = iphoneos;
				SWIFT_COMPILATION_MODE = wholemodule;
				SWIFT_OPTIMIZATION_LEVEL = "-O";
				VALIDATE_PRODUCT = YES;
			};
			name = Release;
		};
		FB372F7D25A021C2009B95DA /* Debug */ = {
			isa = XCBuildConfiguration;
			buildSettings = {
				ASSETCATALOG_COMPILER_APPICON_NAME = AppIcon;
				ASSETCATALOG_COMPILER_GLOBAL_ACCENT_COLOR_NAME = AccentColor;
				CODE_SIGN_STYLE = Manual;
				DEVELOPMENT_TEAM = XStation;
				INFOPLIST_FILE = "0MVC-Swift5-iOS-TableView/Info.plist";
				LD_RUNPATH_SEARCH_PATHS = (
					"$(inherited)",
					"@executable_path/Frameworks",
				);
				PRODUCT_BUNDLE_IDENTIFIER = "XStation.-MVC-Swift5-iOS-TableView";
				PRODUCT_NAME = "$(TARGET_NAME)";
				PROVISIONING_PROFILE_SPECIFIER = "";
				SWIFT_VERSION = 5.0;
				TARGETED_DEVICE_FAMILY = "1,2";
			};
			name = Debug;
		};
		FB372F7E25A021C2009B95DA /* Release */ = {
			isa = XCBuildConfiguration;
			buildSettings = {
				ASSETCATALOG_COMPILER_APPICON_NAME = AppIcon;
				ASSETCATALOG_COMPILER_GLOBAL_ACCENT_COLOR_NAME = AccentColor;
				CODE_SIGN_STYLE = Manual;
				DEVELOPMENT_TEAM = XStation;
				INFOPLIST_FILE = "0MVC-Swift5-iOS-TableView/Info.plist";
				LD_RUNPATH_SEARCH_PATHS = (
					"$(inherited)",
					"@executable_path/Frameworks",
				);
				PRODUCT_BUNDLE_IDENTIFIER = "XStation.-MVC-Swift5-iOS-TableView";
				PRODUCT_NAME = "$(TARGET_NAME)";
				PROVISIONING_PROFILE_SPECIFIER = "";
				SWIFT_VERSION = 5.0;
				TARGETED_DEVICE_FAMILY = "1,2";
			};
			name = Release;
		};
		FB372F8025A021C2009B95DA /* Debug */ = {
			isa = XCBuildConfiguration;
			buildSettings = {
				ALWAYS_EMBED_SWIFT_STANDARD_LIBRARIES = YES;
				BUNDLE_LOADER = "$(TEST_HOST)";
				CODE_SIGN_STYLE = Automatic;
				INFOPLIST_FILE = "0MVC-Swift5-iOS-TableViewTests/Info.plist";
				IPHONEOS_DEPLOYMENT_TARGET = 14.3;
				LD_RUNPATH_SEARCH_PATHS = (
					"$(inherited)",
					"@executable_path/Frameworks",
					"@loader_path/Frameworks",
				);
				PRODUCT_BUNDLE_IDENTIFIER = "XStation.-MVC-Swift5-iOS-TableViewTests";
				PRODUCT_NAME = "$(TARGET_NAME)";
				SWIFT_VERSION = 5.0;
				TARGETED_DEVICE_FAMILY = "1,2";
				TEST_HOST = "$(BUILT_PRODUCTS_DIR)/0MVC-Swift5-iOS-TableView.app/0MVC-Swift5-iOS-TableView";
			};
			name = Debug;
		};
		FB372F8125A021C2009B95DA /* Release */ = {
			isa = XCBuildConfiguration;
			buildSettings = {
				ALWAYS_EMBED_SWIFT_STANDARD_LIBRARIES = YES;
				BUNDLE_LOADER = "$(TEST_HOST)";
				CODE_SIGN_STYLE = Automatic;
				INFOPLIST_FILE = "0MVC-Swift5-iOS-TableViewTests/Info.plist";
				IPHONEOS_DEPLOYMENT_TARGET = 14.3;
				LD_RUNPATH_SEARCH_PATHS = (
					"$(inherited)",
					"@executable_path/Frameworks",
					"@loader_path/Frameworks",
				);
				PRODUCT_BUNDLE_IDENTIFIER = "XStation.-MVC-Swift5-iOS-TableViewTests";
				PRODUCT_NAME = "$(TARGET_NAME)";
				SWIFT_VERSION = 5.0;
				TARGETED_DEVICE_FAMILY = "1,2";
				TEST_HOST = "$(BUILT_PRODUCTS_DIR)/0MVC-Swift5-iOS-TableView.app/0MVC-Swift5-iOS-TableView";
			};
			name = Release;
		};
		FB372F8325A021C2009B95DA /* Debug */ = {
			isa = XCBuildConfiguration;
			buildSettings = {
				ALWAYS_EMBED_SWIFT_STANDARD_LIBRARIES = YES;
				CODE_SIGN_STYLE = Automatic;
				INFOPLIST_FILE = "0MVC-Swift5-iOS-TableViewUITests/Info.plist";
				LD_RUNPATH_SEARCH_PATHS = (
					"$(inherited)",
					"@executable_path/Frameworks",
					"@loader_path/Frameworks",
				);
				PRODUCT_BUNDLE_IDENTIFIER = "XStation.-MVC-Swift5-iOS-TableViewUITests";
				PRODUCT_NAME = "$(TARGET_NAME)";
				SWIFT_VERSION = 5.0;
				TARGETED_DEVICE_FAMILY = "1,2";
				TEST_TARGET_NAME = "0MVC-Swift5-iOS-TableView";
			};
			name = Debug;
		};
		FB372F8425A021C2009B95DA /* Release */ = {
			isa = XCBuildConfiguration;
			buildSettings = {
				ALWAYS_EMBED_SWIFT_STANDARD_LIBRARIES = YES;
				CODE_SIGN_STYLE = Automatic;
				INFOPLIST_FILE = "0MVC-Swift5-iOS-TableViewUITests/Info.plist";
				LD_RUNPATH_SEARCH_PATHS = (
					"$(inherited)",
					"@executable_path/Frameworks",
					"@loader_path/Frameworks",
				);
				PRODUCT_BUNDLE_IDENTIFIER = "XStation.-MVC-Swift5-iOS-TableViewUITests";
				PRODUCT_NAME = "$(TARGET_NAME)";
				SWIFT_VERSION = 5.0;
				TARGETED_DEVICE_FAMILY = "1,2";
				TEST_TARGET_NAME = "0MVC-Swift5-iOS-TableView";
			};
			name = Release;
		};
/* End XCBuildConfiguration section */

/* Begin XCConfigurationList section */
		FB372F4D25A021C1009B95DA /* Build configuration list for PBXProject "0MVC-Swift5-iOS-TableView" */ = {
			isa = XCConfigurationList;
			buildConfigurations = (
				FB372F7A25A021C2009B95DA /* Debug */,
				FB372F7B25A021C2009B95DA /* Release */,
			);
			defaultConfigurationIsVisible = 0;
			defaultConfigurationName = Release;
		};
		FB372F7C25A021C2009B95DA /* Build configuration list for PBXNativeTarget "0MVC-Swift5-iOS-TableView" */ = {
			isa = XCConfigurationList;
			buildConfigurations = (
				FB372F7D25A021C2009B95DA /* Debug */,
				FB372F7E25A021C2009B95DA /* Release */,
			);
			defaultConfigurationIsVisible = 0;
			defaultConfigurationName = Release;
		};
		FB372F7F25A021C2009B95DA /* Build configuration list for PBXNativeTarget "0MVC-Swift5-iOS-TableViewTests" */ = {
			isa = XCConfigurationList;
			buildConfigurations = (
				FB372F8025A021C2009B95DA /* Debug */,
				FB372F8125A021C2009B95DA /* Release */,
			);
			defaultConfigurationIsVisible = 0;
			defaultConfigurationName = Release;
		};
		FB372F8225A021C2009B95DA /* Build configuration list for PBXNativeTarget "0MVC-Swift5-iOS-TableViewUITests" */ = {
			isa = XCConfigurationList;
			buildConfigurations = (
				FB372F8325A021C2009B95DA /* Debug */,
				FB372F8425A021C2009B95DA /* Release */,
			);
			defaultConfigurationIsVisible = 0;
			defaultConfigurationName = Release;
		};
/* End XCConfigurationList section */
	};
	rootObject = FB372F4A25A021C1009B95DA /* Project object */;
}
